
Microsoft Visual Studio Solution File, Format Version 12.00
Project("{FAE04EC0-301F-11D3-BF4B-00C04F79EFBC}") = "JobsCalc.Api", "JobsCalc.Api\JobsCalc.Api.csproj", "{F97A4515-CBE1-4CF9-8799-AA3C77AF4946}"
EndProject
Project("{FAE04EC0-301F-11D3-BF4B-00C04F79EFBC}") = "JobsCalc.Domain", "JobsCalc.Domain\JobsCalc.Domain.csproj", "{A341B1AD-27CA-4846-9B99-1CC526934358}"
EndProject
Project("{FAE04EC0-301F-11D3-BF4B-00C04F79EFBC}") = "JobsCalc.Infrastructure", "JobsCalc.Infrastructure\JobsCalc.Infrastructure.csproj", "{D280DC24-0AC0-462F-8CE8-9F425DE7C2D4}"
EndProject
Project("{FAE04EC0-301F-11D3-BF4B-00C04F79EFBC}") = "JobsCalc.Application", "JobsCalc.Application\JobsCalc.Application.csproj", "{0F6B3C55-C6CC-48A1-AFF3-5C779F4DCCA2}"
EndProject
Project("{FAE04EC0-301F-11D3-BF4B-00C04F79EFBC}") = "JobsCalc.Communication", "JobsCalc.Communication\JobsCalc.Communication.csproj", "{42D6ED08-3B6E-4FAC-8E90-DD3F98BA88AA}"
EndProject
Global
	GlobalSection(SolutionConfigurationPlatforms) = preSolution
		Debug|Any CPU = Debug|Any CPU
		Release|Any CPU = Release|Any CPU
	EndGlobalSection
	GlobalSection(ProjectConfigurationPlatforms) = postSolution
		{F97A4515-CBE1-4CF9-8799-AA3C77AF4946}.Debug|Any CPU.ActiveCfg = Debug|Any CPU
		{F97A4515-CBE1-4CF9-8799-AA3C77AF4946}.Debug|Any CPU.Build.0 = Debug|Any CPU
		{F97A4515-CBE1-4CF9-8799-AA3C77AF4946}.Release|Any CPU.ActiveCfg = Release|Any CPU
		{F97A4515-CBE1-4CF9-8799-AA3C77AF4946}.Release|Any CPU.Build.0 = Release|Any CPU
		{A341B1AD-27CA-4846-9B99-1CC526934358}.Debug|Any CPU.ActiveCfg = Debug|Any CPU
		{A341B1AD-27CA-4846-9B99-1CC526934358}.Debug|Any CPU.Build.0 = Debug|Any CPU
		{A341B1AD-27CA-4846-9B99-1CC526934358}.Release|Any CPU.ActiveCfg = Release|Any CPU
		{A341B1AD-27CA-4846-9B99-1CC526934358}.Release|Any CPU.Build.0 = Release|Any CPU
		{D280DC24-0AC0-462F-8CE8-9F425DE7C2D4}.Debug|Any CPU.ActiveCfg = Debug|Any CPU
		{D280DC24-0AC0-462F-8CE8-9F425DE7C2D4}.Debug|Any CPU.Build.0 = Debug|Any CPU
		{D280DC24-0AC0-462F-8CE8-9F425DE7C2D4}.Release|Any CPU.ActiveCfg = Release|Any CPU
		{D280DC24-0AC0-462F-8CE8-9F425DE7C2D4}.Release|Any CPU.Build.0 = Release|Any CPU
		{0F6B3C55-C6CC-48A1-AFF3-5C779F4DCCA2}.Debug|Any CPU.ActiveCfg = Debug|Any CPU
		{0F6B3C55-C6CC-48A1-AFF3-5C779F4DCCA2}.Debug|Any CPU.Build.0 = Debug|Any CPU
		{0F6B3C55-C6CC-48A1-AFF3-5C779F4DCCA2}.Release|Any CPU.ActiveCfg = Release|Any CPU
		{0F6B3C55-C6CC-48A1-AFF3-5C779F4DCCA2}.Release|Any CPU.Build.0 = Release|Any CPU
		{42D6ED08-3B6E-4FAC-8E90-DD3F98BA88AA}.Debug|Any CPU.ActiveCfg = Debug|Any CPU
		{42D6ED08-3B6E-4FAC-8E90-DD3F98BA88AA}.Debug|Any CPU.Build.0 = Debug|Any CPU
		{42D6ED08-3B6E-4FAC-8E90-DD3F98BA88AA}.Release|Any CPU.ActiveCfg = Release|Any CPU
		{42D6ED08-3B6E-4FAC-8E90-DD3F98BA88AA}.Release|Any CPU.Build.0 = Release|Any CPU
	EndGlobalSection
EndGlobal
