
Microsoft Visual Studio Solution File, Format Version 12.00
# Visual Studio Version 17
VisualStudioVersion = 17.5.002.0
MinimumVisualStudioVersion = 10.0.40219.1
Project("{9A19103F-16F7-4668-BE54-9A1E7A4F7556}") = "JobsCalc", "JobsCalc.csproj", "{2046652D-E1C6-4FCC-AE7F-00B1C428DC5F}"
EndProject
Global
	GlobalSection(SolutionConfigurationPlatforms) = preSolution
		Debug|Any CPU = Debug|Any CPU
		Release|Any CPU = Release|Any CPU
	EndGlobalSection
	GlobalSection(ProjectConfigurationPlatforms) = postSolution
		{2046652D-E1C6-4FCC-AE7F-00B1C428DC5F}.Debug|Any CPU.ActiveCfg = Debug|Any CPU
		{2046652D-E1C6-4FCC-AE7F-00B1C428DC5F}.Debug|Any CPU.Build.0 = Debug|Any CPU
		{2046652D-E1C6-4FCC-AE7F-00B1C428DC5F}.Release|Any CPU.ActiveCfg = Release|Any CPU
		{2046652D-E1C6-4FCC-AE7F-00B1C428DC5F}.Release|Any CPU.Build.0 = Release|Any CPU
	EndGlobalSection
	GlobalSection(SolutionProperties) = preSolution
		HideSolutionNode = FALSE
	EndGlobalSection
	GlobalSection(ExtensibilityGlobals) = postSolution
		SolutionGuid = {CF5EA0AB-5008-4D85-AA37-FEFDA811EBC4}
	EndGlobalSection
EndGlobal
